
Microsoft Visual Studio Solution File, Format Version 12.00
# Visual Studio 15
VisualStudioVersion = 15.0.28307.779
MinimumVisualStudioVersion = 10.0.40219.1
Project("{FAE04EC0-301F-11D3-BF4B-00C04F79EFBC}") = "MobileApplication.Android", "MobileApplication\MobileApplication.Android\MobileApplication.Android.csproj", "{24CE3C36-16B9-426D-AA0C-5961ECF8D88C}"
EndProject
Project("{FAE04EC0-301F-11D3-BF4B-00C04F79EFBC}") = "MobileApplication.iOS", "MobileApplication\MobileApplication.iOS\MobileApplication.iOS.csproj", "{04D49429-3134-4C56-B7A3-D119CD729183}"
EndProject
Project("{FAE04EC0-301F-11D3-BF4B-00C04F79EFBC}") = "MobileApplication", "MobileApplication\MobileApplication\MobileApplication.csproj", "{A1DA1100-FBA9-4486-8FF4-9C7D8BBB9EF5}"
EndProject
Global
	GlobalSection(SolutionConfigurationPlatforms) = preSolution
		Debug|Any CPU = Debug|Any CPU
		Debug|iPhone = Debug|iPhone
		Debug|iPhoneSimulator = Debug|iPhoneSimulator
		Release|Any CPU = Release|Any CPU
		Release|iPhone = Release|iPhone
		Release|iPhoneSimulator = Release|iPhoneSimulator
	EndGlobalSection
	GlobalSection(ProjectConfigurationPlatforms) = postSolution
		{24CE3C36-16B9-426D-AA0C-5961ECF8D88C}.Debug|Any CPU.ActiveCfg = Debug|Any CPU
		{24CE3C36-16B9-426D-AA0C-5961ECF8D88C}.Debug|Any CPU.Build.0 = Debug|Any CPU
		{24CE3C36-16B9-426D-AA0C-5961ECF8D88C}.Debug|Any CPU.Deploy.0 = Debug|Any CPU
		{24CE3C36-16B9-426D-AA0C-5961ECF8D88C}.Debug|iPhone.ActiveCfg = Debug|Any CPU
		{24CE3C36-16B9-426D-AA0C-5961ECF8D88C}.Debug|iPhone.Build.0 = Debug|Any CPU
		{24CE3C36-16B9-426D-AA0C-5961ECF8D88C}.Debug|iPhone.Deploy.0 = Debug|Any CPU
		{24CE3C36-16B9-426D-AA0C-5961ECF8D88C}.Debug|iPhoneSimulator.ActiveCfg = Debug|Any CPU
		{24CE3C36-16B9-426D-AA0C-5961ECF8D88C}.Debug|iPhoneSimulator.Build.0 = Debug|Any CPU
		{24CE3C36-16B9-426D-AA0C-5961ECF8D88C}.Debug|iPhoneSimulator.Deploy.0 = Debug|Any CPU
		{24CE3C36-16B9-426D-AA0C-5961ECF8D88C}.Release|Any CPU.ActiveCfg = Release|Any CPU
		{24CE3C36-16B9-426D-AA0C-5961ECF8D88C}.Release|Any CPU.Build.0 = Release|Any CPU
		{24CE3C36-16B9-426D-AA0C-5961ECF8D88C}.Release|Any CPU.Deploy.0 = Release|Any CPU
		{24CE3C36-16B9-426D-AA0C-5961ECF8D88C}.Release|iPhone.ActiveCfg = Release|Any CPU
		{24CE3C36-16B9-426D-AA0C-5961ECF8D88C}.Release|iPhone.Build.0 = Release|Any CPU
		{24CE3C36-16B9-426D-AA0C-5961ECF8D88C}.Release|iPhone.Deploy.0 = Release|Any CPU
		{24CE3C36-16B9-426D-AA0C-5961ECF8D88C}.Release|iPhoneSimulator.ActiveCfg = Release|Any CPU
		{24CE3C36-16B9-426D-AA0C-5961ECF8D88C}.Release|iPhoneSimulator.Build.0 = Release|Any CPU
		{24CE3C36-16B9-426D-AA0C-5961ECF8D88C}.Release|iPhoneSimulator.Deploy.0 = Release|Any CPU
		{04D49429-3134-4C56-B7A3-D119CD729183}.Debug|Any CPU.ActiveCfg = Debug|iPhoneSimulator
		{04D49429-3134-4C56-B7A3-D119CD729183}.Debug|Any CPU.Deploy.0 = Debug|iPhoneSimulator
		{04D49429-3134-4C56-B7A3-D119CD729183}.Debug|iPhone.ActiveCfg = Debug|iPhone
		{04D49429-3134-4C56-B7A3-D119CD729183}.Debug|iPhone.Build.0 = Debug|iPhone
		{04D49429-3134-4C56-B7A3-D119CD729183}.Debug|iPhone.Deploy.0 = Debug|iPhone
		{04D49429-3134-4C56-B7A3-D119CD729183}.Debug|iPhoneSimulator.ActiveCfg = Debug|iPhoneSimulator
		{04D49429-3134-4C56-B7A3-D119CD729183}.Debug|iPhoneSimulator.Build.0 = Debug|iPhoneSimulator
		{04D49429-3134-4C56-B7A3-D119CD729183}.Debug|iPhoneSimulator.Deploy.0 = Debug|iPhoneSimulator
		{04D49429-3134-4C56-B7A3-D119CD729183}.Release|Any CPU.ActiveCfg = Release|iPhone
		{04D49429-3134-4C56-B7A3-D119CD729183}.Release|Any CPU.Build.0 = Release|iPhone
		{04D49429-3134-4C56-B7A3-D119CD729183}.Release|Any CPU.Deploy.0 = Release|iPhone
		{04D49429-3134-4C56-B7A3-D119CD729183}.Release|iPhone.ActiveCfg = Release|iPhone
		{04D49429-3134-4C56-B7A3-D119CD729183}.Release|iPhone.Build.0 = Release|iPhone
		{04D49429-3134-4C56-B7A3-D119CD729183}.Release|iPhone.Deploy.0 = Release|iPhone
		{04D49429-3134-4C56-B7A3-D119CD729183}.Release|iPhoneSimulator.ActiveCfg = Release|iPhoneSimulator
		{04D49429-3134-4C56-B7A3-D119CD729183}.Release|iPhoneSimulator.Build.0 = Release|iPhoneSimulator
		{04D49429-3134-4C56-B7A3-D119CD729183}.Release|iPhoneSimulator.Deploy.0 = Release|iPhoneSimulator
		{A1DA1100-FBA9-4486-8FF4-9C7D8BBB9EF5}.Debug|Any CPU.ActiveCfg = Debug|Any CPU
		{A1DA1100-FBA9-4486-8FF4-9C7D8BBB9EF5}.Debug|Any CPU.Build.0 = Debug|Any CPU
		{A1DA1100-FBA9-4486-8FF4-9C7D8BBB9EF5}.Debug|Any CPU.Deploy.0 = Debug|Any CPU
		{A1DA1100-FBA9-4486-8FF4-9C7D8BBB9EF5}.Debug|iPhone.ActiveCfg = Debug|Any CPU
		{A1DA1100-FBA9-4486-8FF4-9C7D8BBB9EF5}.Debug|iPhone.Build.0 = Debug|Any CPU
		{A1DA1100-FBA9-4486-8FF4-9C7D8BBB9EF5}.Debug|iPhone.Deploy.0 = Debug|Any CPU
		{A1DA1100-FBA9-4486-8FF4-9C7D8BBB9EF5}.Debug|iPhoneSimulator.ActiveCfg = Debug|Any CPU
		{A1DA1100-FBA9-4486-8FF4-9C7D8BBB9EF5}.Debug|iPhoneSimulator.Build.0 = Debug|Any CPU
		{A1DA1100-FBA9-4486-8FF4-9C7D8BBB9EF5}.Debug|iPhoneSimulator.Deploy.0 = Debug|Any CPU
		{A1DA1100-FBA9-4486-8FF4-9C7D8BBB9EF5}.Release|Any CPU.ActiveCfg = Release|Any CPU
		{A1DA1100-FBA9-4486-8FF4-9C7D8BBB9EF5}.Release|Any CPU.Build.0 = Release|Any CPU
		{A1DA1100-FBA9-4486-8FF4-9C7D8BBB9EF5}.Release|Any CPU.Deploy.0 = Release|Any CPU
		{A1DA1100-FBA9-4486-8FF4-9C7D8BBB9EF5}.Release|iPhone.ActiveCfg = Release|Any CPU
		{A1DA1100-FBA9-4486-8FF4-9C7D8BBB9EF5}.Release|iPhone.Build.0 = Release|Any CPU
		{A1DA1100-FBA9-4486-8FF4-9C7D8BBB9EF5}.Release|iPhone.Deploy.0 = Release|Any CPU
		{A1DA1100-FBA9-4486-8FF4-9C7D8BBB9EF5}.Release|iPhoneSimulator.ActiveCfg = Release|Any CPU
		{A1DA1100-FBA9-4486-8FF4-9C7D8BBB9EF5}.Release|iPhoneSimulator.Build.0 = Release|Any CPU
		{A1DA1100-FBA9-4486-8FF4-9C7D8BBB9EF5}.Release|iPhoneSimulator.Deploy.0 = Release|Any CPU
	EndGlobalSection
	GlobalSection(SolutionProperties) = preSolution
		HideSolutionNode = FALSE
	EndGlobalSection
	GlobalSection(ExtensibilityGlobals) = postSolution
		SolutionGuid = {B5FE241B-33C7-40BD-9C0F-3442789C75C5}
	EndGlobalSection
EndGlobal
